// !$*UTF8*$!
{
	archiveVersion = 1;
	classes = {
	};
	objectVersion = 46;
	objects = {

/* Begin PBXBuildFile section */
		049C5C9D1B55EE9600ED5E41 /* AppDelegate.swift in Sources */ = {isa = PBXBuildFile; fileRef = 049C5C9C1B55EE9600ED5E41 /* AppDelegate.swift */; };
		049C5C9F1B55EE9600ED5E41 /* ViewController.swift in Sources */ = {isa = PBXBuildFile; fileRef = 049C5C9E1B55EE9600ED5E41 /* ViewController.swift */; };
		049C5CA21B55EE9600ED5E41 /* Main.storyboard in Resources */ = {isa = PBXBuildFile; fileRef = 049C5CA01B55EE9600ED5E41 /* Main.storyboard */; };
		049C5CA41B55EE9600ED5E41 /* Images.xcassets in Resources */ = {isa = PBXBuildFile; fileRef = 049C5CA31B55EE9600ED5E41 /* Images.xcassets */; };
		049C5CA71B55EE9600ED5E41 /* LaunchScreen.xib in Resources */ = {isa = PBXBuildFile; fileRef = 049C5CA51B55EE9600ED5E41 /* LaunchScreen.xib */; };
		049C5CB31B55EE9600ED5E41 /* CalcBuddieTests.swift in Sources */ = {isa = PBXBuildFile; fileRef = 049C5CB21B55EE9600ED5E41 /* CalcBuddieTests.swift */; };
/* End PBXBuildFile section */

/* Begin PBXContainerItemProxy section */
		049C5CAD1B55EE9600ED5E41 /* PBXContainerItemProxy */ = {
			isa = PBXContainerItemProxy;
			containerPortal = 049C5C8F1B55EE9600ED5E41 /* Project object */;
			proxyType = 1;
			remoteGlobalIDString = 049C5C961B55EE9600ED5E41;
			remoteInfo = CalcBuddie;
		};
/* End PBXContainerItemProxy section */

/* Begin PBXFileReference section */
		049C5C971B55EE9600ED5E41 /* CalcBuddie.app */ = {isa = PBXFileReference; explicitFileType = wrapper.application; includeInIndex = 0; path = CalcBuddie.app; sourceTree = BUILT_PRODUCTS_DIR; };
		049C5C9B1B55EE9600ED5E41 /* Info.plist */ = {isa = PBXFileReference; lastKnownFileType = text.plist.xml; path = Info.plist; sourceTree = "<group>"; };
		049C5C9C1B55EE9600ED5E41 /* AppDelegate.swift */ = {isa = PBXFileReference; lastKnownFileType = sourcecode.swift; path = AppDelegate.swift; sourceTree = "<group>"; };
		049C5C9E1B55EE9600ED5E41 /* ViewController.swift */ = {isa = PBXFileReference; lastKnownFileType = sourcecode.swift; path = ViewController.swift; sourceTree = "<group>"; };
		049C5CA11B55EE9600ED5E41 /* Base */ = {isa = PBXFileReference; lastKnownFileType = file.storyboard; name = Base; path = Base.lproj/Main.storyboard; sourceTree = "<group>"; };
		049C5CA31B55EE9600ED5E41 /* Images.xcassets */ = {isa = PBXFileReference; lastKnownFileType = folder.assetcatalog; path = Images.xcassets; sourceTree = "<group>"; };
		049C5CA61B55EE9600ED5E41 /* Base */ = {isa = PBXFileReference; lastKnownFileType = file.xib; name = Base; path = Base.lproj/LaunchScreen.xib; sourceTree = "<group>"; };
		049C5CAC1B55EE9600ED5E41 /* CalcBuddieTests.xctest */ = {isa = PBXFileReference; explicitFileType = wrapper.cfbundle; includeInIndex = 0; path = CalcBuddieTests.xctest; sourceTree = BUILT_PRODUCTS_DIR; };
		049C5CB11B55EE9600ED5E41 /* Info.plist */ = {isa = PBXFileReference; lastKnownFileType = text.plist.xml; path = Info.plist; sourceTree = "<group>"; };
		049C5CB21B55EE9600ED5E41 /* CalcBuddieTests.swift */ = {isa = PBXFileReference; lastKnownFileType = sourcecode.swift; path = CalcBuddieTests.swift; sourceTree = "<group>"; };
/* End PBXFileReference section */

/* Begin PBXFrameworksBuildPhase section */
		049C5C941B55EE9600ED5E41 /* Frameworks */ = {
			isa = PBXFrameworksBuildPhase;
			buildActionMask = 2147483647;
			files = (
			);
			runOnlyForDeploymentPostprocessing = 0;
		};
		049C5CA91B55EE9600ED5E41 /* Frameworks */ = {
			isa = PBXFrameworksBuildPhase;
			buildActionMask = 2147483647;
			files = (
			);
			runOnlyForDeploymentPostprocessing = 0;
		};
/* End PBXFrameworksBuildPhase section */

/* Begin PBXGroup section */
		049C5C8E1B55EE9600ED5E41 = {
			isa = PBXGroup;
			children = (
				049C5C991B55EE9600ED5E41 /* CalcBuddie */,
				049C5CAF1B55EE9600ED5E41 /* CalcBuddieTests */,
				049C5C981B55EE9600ED5E41 /* Products */,
			);
			sourceTree = "<group>";
		};
		049C5C981B55EE9600ED5E41 /* Products */ = {
			isa = PBXGroup;
			children = (
				049C5C971B55EE9600ED5E41 /* CalcBuddie.app */,
				049C5CAC1B55EE9600ED5E41 /* CalcBuddieTests.xctest */,
			);
			name = Products;
			sourceTree = "<group>";
		};
		049C5C991B55EE9600ED5E41 /* CalcBuddie */ = {
			isa = PBXGroup;
			children = (
				049C5C9C1B55EE9600ED5E41 /* AppDelegate.swift */,
				049C5C9E1B55EE9600ED5E41 /* ViewController.swift */,
				049C5CA01B55EE9600ED5E41 /* Main.storyboard */,
				049C5CA31B55EE9600ED5E41 /* Images.xcassets */,
				049C5CA51B55EE9600ED5E41 /* LaunchScreen.xib */,
				049C5C9A1B55EE9600ED5E41 /* Supporting Files */,
			);
			path = CalcBuddie;
			sourceTree = "<group>";
		};
		049C5C9A1B55EE9600ED5E41 /* Supporting Files */ = {
			isa = PBXGroup;
			children = (
				049C5C9B1B55EE9600ED5E41 /* Info.plist */,
			);
			name = "Supporting Files";
			sourceTree = "<group>";
		};
		049C5CAF1B55EE9600ED5E41 /* CalcBuddieTests */ = {
			isa = PBXGroup;
			children = (
				049C5CB21B55EE9600ED5E41 /* CalcBuddieTests.swift */,
				049C5CB01B55EE9600ED5E41 /* Supporting Files */,
			);
			path = CalcBuddieTests;
			sourceTree = "<group>";
		};
		049C5CB01B55EE9600ED5E41 /* Supporting Files */ = {
			isa = PBXGroup;
			children = (
				049C5CB11B55EE9600ED5E41 /* Info.plist */,
			);
			name = "Supporting Files";
			sourceTree = "<group>";
		};
/* End PBXGroup section */

/* Begin PBXNativeTarget section */
		049C5C961B55EE9600ED5E41 /* CalcBuddie */ = {
			isa = PBXNativeTarget;
			buildConfigurationList = 049C5CB61B55EE9600ED5E41 /* Build configuration list for PBXNativeTarget "CalcBuddie" */;
			buildPhases = (
				049C5C931B55EE9600ED5E41 /* Sources */,
				049C5C941B55EE9600ED5E41 /* Frameworks */,
				049C5C951B55EE9600ED5E41 /* Resources */,
			);
			buildRules = (
			);
			dependencies = (
			);
			name = CalcBuddie;
			productName = CalcBuddie;
			productReference = 049C5C971B55EE9600ED5E41 /* CalcBuddie.app */;
			productType = "com.apple.product-type.application";
		};
		049C5CAB1B55EE9600ED5E41 /* CalcBuddieTests */ = {
			isa = PBXNativeTarget;
			buildConfigurationList = 049C5CB91B55EE9600ED5E41 /* Build configuration list for PBXNativeTarget "CalcBuddieTests" */;
			buildPhases = (
				049C5CA81B55EE9600ED5E41 /* Sources */,
				049C5CA91B55EE9600ED5E41 /* Frameworks */,
				049C5CAA1B55EE9600ED5E41 /* Resources */,
			);
			buildRules = (
			);
			dependencies = (
				049C5CAE1B55EE9600ED5E41 /* PBXTargetDependency */,
			);
			name = CalcBuddieTests;
			productName = CalcBuddieTests;
			productReference = 049C5CAC1B55EE9600ED5E41 /* CalcBuddieTests.xctest */;
			productType = "com.apple.product-type.bundle.unit-test";
		};
/* End PBXNativeTarget section */

/* Begin PBXProject section */
		049C5C8F1B55EE9600ED5E41 /* Project object */ = {
			isa = PBXProject;
			attributes = {
				LastUpgradeCheck = 0640;
				ORGANIZATIONNAME = "Jack Douglas";
				TargetAttributes = {
					049C5C961B55EE9600ED5E41 = {
						CreatedOnToolsVersion = 6.4;
					};
					049C5CAB1B55EE9600ED5E41 = {
						CreatedOnToolsVersion = 6.4;
						TestTargetID = 049C5C961B55EE9600ED5E41;
					};
				};
			};
			buildConfigurationList = 049C5C921B55EE9600ED5E41 /* Build configuration list for PBXProject "CalcBuddie" */;
			compatibilityVersion = "Xcode 3.2";
			developmentRegion = English;
			hasScannedForEncodings = 0;
			knownRegions = (
				en,
				Base,
			);
			mainGroup = 049C5C8E1B55EE9600ED5E41;
			productRefGroup = 049C5C981B55EE9600ED5E41 /* Products */;
			projectDirPath = "";
			projectRoot = "";
			targets = (
				049C5C961B55EE9600ED5E41 /* CalcBuddie */,
				049C5CAB1B55EE9600ED5E41 /* CalcBuddieTests */,
			);
		};
/* End PBXProject section */

/* Begin PBXResourcesBuildPhase section */
		049C5C951B55EE9600ED5E41 /* Resources */ = {
			isa = PBXResourcesBuildPhase;
			buildActionMask = 2147483647;
			files = (
				049C5CA21B55EE9600ED5E41 /* Main.storyboard in Resources */,
				049C5CA71B55EE9600ED5E41 /* LaunchScreen.xib in Resources */,
				049C5CA41B55EE9600ED5E41 /* Images.xcassets in Resources */,
			);
			runOnlyForDeploymentPostprocessing = 0;
		};
		049C5CAA1B55EE9600ED5E41 /* Resources */ = {
			isa = PBXResourcesBuildPhase;
			buildActionMask = 2147483647;
			files = (
			);
			runOnlyForDeploymentPostprocessing = 0;
		};
/* End PBXResourcesBuildPhase section */

/* Begin PBXSourcesBuildPhase section */
		049C5C931B55EE9600ED5E41 /* Sources */ = {
			isa = PBXSourcesBuildPhase;
			buildActionMask = 2147483647;
			files = (
				049C5C9F1B55EE9600ED5E41 /* ViewController.swift in Sources */,
				049C5C9D1B55EE9600ED5E41 /* AppDelegate.swift in Sources */,
			);
			runOnlyForDeploymentPostprocessing = 0;
		};
		049C5CA81B55EE9600ED5E41 /* Sources */ = {
			isa = PBXSourcesBuildPhase;
			buildActionMask = 2147483647;
			files = (
				049C5CB31B55EE9600ED5E41 /* CalcBuddieTests.swift in Sources */,
			);
			runOnlyForDeploymentPostprocessing = 0;
		};
/* End PBXSourcesBuildPhase section */

/* Begin PBXTargetDependency section */
		049C5CAE1B55EE9600ED5E41 /* PBXTargetDependency */ = {
			isa = PBXTargetDependency;
			target = 049C5C961B55EE9600ED5E41 /* CalcBuddie */;
			targetProxy = 049C5CAD1B55EE9600ED5E41 /* PBXContainerItemProxy */;
		};
/* End PBXTargetDependency section */

/* Begin PBXVariantGroup section */
		049C5CA01B55EE9600ED5E41 /* Main.storyboard */ = {
			isa = PBXVariantGroup;
			children = (
				049C5CA11B55EE9600ED5E41 /* Base */,
			);
			name = Main.storyboard;
			sourceTree = "<group>";
		};
		049C5CA51B55EE9600ED5E41 /* LaunchScreen.xib */ = {
			isa = PBXVariantGroup;
			children = (
				049C5CA61B55EE9600ED5E41 /* Base */,
			);
			name = LaunchScreen.xib;
			sourceTree = "<group>";
		};
/* End PBXVariantGroup section */

/* Begin XCBuildConfiguration section */
		049C5CB41B55EE9600ED5E41 /* Debug */ = {
			isa = XCBuildConfiguration;
			buildSettings = {
				ALWAYS_SEARCH_USER_PATHS = NO;
				CLANG_CXX_LANGUAGE_STANDARD = "gnu++0x";
				CLANG_CXX_LIBRARY = "libc++";
				CLANG_ENABLE_MODULES = YES;
				CLANG_ENABLE_OBJC_ARC = YES;
				CLANG_WARN_BOOL_CONVERSION = YES;
				CLANG_WARN_CONSTANT_CONVERSION = YES;
				CLANG_WARN_DIRECT_OBJC_ISA_USAGE = YES_ERROR;
				CLANG_WARN_EMPTY_BODY = YES;
				CLANG_WARN_ENUM_CONVERSION = YES;
				CLANG_WARN_INT_CONVERSION = YES;
				CLANG_WARN_OBJC_ROOT_CLASS = YES_ERROR;
				CLANG_WARN_UNREACHABLE_CODE = YES;
				CLANG_WARN__DUPLICATE_METHOD_MATCH = YES;
				"CODE_SIGN_IDENTITY[sdk=iphoneos*]" = "iPhone Developer";
				COPY_PHASE_STRIP = NO;
				DEBUG_INFORMATION_FORMAT = "dwarf-with-dsym";
				ENABLE_STRICT_OBJC_MSGSEND = YES;
				GCC_C_LANGUAGE_STANDARD = gnu99;
				GCC_DYNAMIC_NO_PIC = NO;
				GCC_NO_COMMON_BLOCKS = YES;
				GCC_OPTIMIZATION_LEVEL = 0;
				GCC_PREPROCESSOR_DEFINITIONS = (
					"DEBUG=1",
					"$(inherited)",
				);
				GCC_SYMBOLS_PRIVATE_EXTERN = NO;
				GCC_WARN_64_TO_32_BIT_CONVERSION = YES;
				GCC_WARN_ABOUT_RETURN_TYPE = YES_ERROR;
				GCC_WARN_UNDECLARED_SELECTOR = YES;
				GCC_WARN_UNINITIALIZED_AUTOS = YES_AGGRESSIVE;
				GCC_WARN_UNUSED_FUNCTION = YES;
				GCC_WARN_UNUSED_VARIABLE = YES;
				IPHONEOS_DEPLOYMENT_TARGET = 8.4;
				MTL_ENABLE_DEBUG_INFO = YES;
				ONLY_ACTIVE_ARCH = YES;
				SDKROOT = iphoneos;
				SWIFT_OPTIMIZATION_LEVEL = "-Onone";
				TARGETED_DEVICE_FAMILY = "1,2";
			};
			name = Debug;
		};
		049C5CB51B55EE9600ED5E41 /* Release */ = {
			isa = XCBuildConfiguration;
			buildSettings = {
				ALWAYS_SEARCH_USER_PATHS = NO;
				CLANG_CXX_LANGUAGE_STANDARD = "gnu++0x";
				CLANG_CXX_LIBRARY = "libc++";
				CLANG_ENABLE_MODULES = YES;
				CLANG_ENABLE_OBJC_ARC = YES;
				CLANG_WARN_BOOL_CONVERSION = YES;
				CLANG_WARN_CONSTANT_CONVERSION = YES;
				CLANG_WARN_DIRECT_OBJC_ISA_USAGE = YES_ERROR;
				CLANG_WARN_EMPTY_BODY = YES;
				CLANG_WARN_ENUM_CONVERSION = YES;
				CLANG_WARN_INT_CONVERSION = YES;
				CLANG_WARN_OBJC_ROOT_CLASS = YES_ERROR;
				CLANG_WARN_UNREACHABLE_CODE = YES;
				CLANG_WARN__DUPLICATE_METHOD_MATCH = YES;
				"CODE_SIGN_IDENTITY[sdk=iphoneos*]" = "iPhone Developer";
				COPY_PHASE_STRIP = NO;
				DEBUG_INFORMATION_FORMAT = "dwarf-with-dsym";
				ENABLE_NS_ASSERTIONS = NO;
				ENABLE_STRICT_OBJC_MSGSEND = YES;
				GCC_C_LANGUAGE_STANDARD = gnu99;
				GCC_NO_COMMON_BLOCKS = YES;
				GCC_WARN_64_TO_32_BIT_CONVERSION = YES;
				GCC_WARN_ABOUT_RETURN_TYPE = YES_ERROR;
				GCC_WARN_UNDECLARED_SELECTOR = YES;
				GCC_WARN_UNINITIALIZED_AUTOS = YES_AGGRESSIVE;
				GCC_WARN_UNUSED_FUNCTION = YES;
				GCC_WARN_UNUSED_VARIABLE = YES;
				IPHONEOS_DEPLOYMENT_TARGET = 8.4;
				MTL_ENABLE_DEBUG_INFO = NO;
				SDKROOT = iphoneos;
				TARGETED_DEVICE_FAMILY = "1,2";
				VALIDATE_PRODUCT = YES;
			};
			name = Release;
		};
		049C5CB71B55EE9600ED5E41 /* Debug */ = {
			isa = XCBuildConfiguration;
			buildSettings = {
				ASSETCATALOG_COMPILER_APPICON_NAME = AppIcon;
				INFOPLIST_FILE = CalcBuddie/Info.plist;
				LD_RUNPATH_SEARCH_PATHS = "$(inherited) @executable_path/Frameworks";
				PRODUCT_NAME = "$(TARGET_NAME)";
			};
			name = Debug;
		};
		049C5CB81B55EE9600ED5E41 /* Release */ = {
			isa = XCBuildConfiguration;
			buildSettings = {
				ASSETCATALOG_COMPILER_APPICON_NAME = AppIcon;
				INFOPLIST_FILE = CalcBuddie/Info.plist;
				LD_RUNPATH_SEARCH_PATHS = "$(inherited) @executable_path/Frameworks";
				PRODUCT_NAME = "$(TARGET_NAME)";
			};
			name = Release;
		};
		049C5CBA1B55EE9600ED5E41 /* Debug */ = {
			isa = XCBuildConfiguration;
			buildSettings = {
				BUNDLE_LOADER = "$(TEST_HOST)";
				FRAMEWORK_SEARCH_PATHS = (
					"$(SDKROOT)/Developer/Library/Frameworks",
					"$(inherited)",
				);
				GCC_PREPROCESSOR_DEFINITIONS = (
					"DEBUG=1",
					"$(inherited)",
				);
				INFOPLIST_FILE = CalcBuddieTests/Info.plist;
				LD_RUNPATH_SEARCH_PATHS = "$(inherited) @executable_path/Frameworks @loader_path/Frameworks";
				PRODUCT_NAME = "$(TARGET_NAME)";
				TEST_HOST = "$(BUILT_PRODUCTS_DIR)/CalcBuddie.app/CalcBuddie";
			};
			name = Debug;
		};
		049C5CBB1B55EE9600ED5E41 /* Release */ = {
			isa = XCBuildConfiguration;
			buildSettings = {
				BUNDLE_LOADER = "$(TEST_HOST)";
				FRAMEWORK_SEARCH_PATHS = (
					"$(SDKROOT)/Developer/Library/Frameworks",
					"$(inherited)",
				);
				INFOPLIST_FILE = CalcBuddieTests/Info.plist;
				LD_RUNPATH_SEARCH_PATHS = "$(inherited) @executable_path/Frameworks @loader_path/Frameworks";
				PRODUCT_NAME = "$(TARGET_NAME)";
				TEST_HOST = "$(BUILT_PRODUCTS_DIR)/CalcBuddie.app/CalcBuddie";
			};
			name = Release;
		};
/* End XCBuildConfiguration section */

/* Begin XCConfigurationList section */
		049C5C921B55EE9600ED5E41 /* Build configuration list for PBXProject "CalcBuddie" */ = {
			isa = XCConfigurationList;
			buildConfigurations = (
				049C5CB41B55EE9600ED5E41 /* Debug */,
				049C5CB51B55EE9600ED5E41 /* Release */,
			);
			defaultConfigurationIsVisible = 0;
			defaultConfigurationName = Release;
		};
		049C5CB61B55EE9600ED5E41 /* Build configuration list for PBXNativeTarget "CalcBuddie" */ = {
			isa = XCConfigurationList;
			buildConfigurations = (
				049C5CB71B55EE9600ED5E41 /* Debug */,
				049C5CB81B55EE9600ED5E41 /* Release */,
			);
			defaultConfigurationIsVisible = 0;
		};
		049C5CB91B55EE9600ED5E41 /* Build configuration list for PBXNativeTarget "CalcBuddieTests" */ = {
			isa = XCConfigurationList;
			buildConfigurations = (
				049C5CBA1B55EE9600ED5E41 /* Debug */,
				049C5CBB1B55EE9600ED5E41 /* Release */,
			);
			defaultConfigurationIsVisible = 0;
		};
/* End XCConfigurationList section */
	};
	rootObject = 049C5C8F1B55EE9600ED5E41 /* Project object */;
}
